// !$*UTF8*$!
{
	archiveVersion = 1;
	classes = {
	};
	objectVersion = 46;
	objects = {

/* Begin PBXBuildFile section */
		C825CE1E1CB9B3BA002F328B /* main.cpp in Sources */ = {isa = PBXBuildFile; fileRef = C825CE1D1CB9B3BA002F328B /* main.cpp */; };
		C825CE261CB9B41B002F328B /* BucketSort.cpp in Sources */ = {isa = PBXBuildFile; fileRef = C825CE241CB9B41B002F328B /* BucketSort.cpp */; };
/* End PBXBuildFile section */

/* Begin PBXCopyFilesBuildPhase section */
		C825CE181CB9B3BA002F328B /* CopyFiles */ = {
			isa = PBXCopyFilesBuildPhase;
			buildActionMask = 2147483647;
			dstPath = /usr/share/man/man1/;
			dstSubfolderSpec = 0;
			files = (
			);
			runOnlyForDeploymentPostprocessing = 1;
		};
/* End PBXCopyFilesBuildPhase section */

/* Begin PBXFileReference section */
		C825CE1A1CB9B3BA002F328B /* BucketSort */ = {isa = PBXFileReference; explicitFileType = "compiled.mach-o.executable"; includeInIndex = 0; path = BucketSort; sourceTree = BUILT_PRODUCTS_DIR; };
		C825CE1D1CB9B3BA002F328B /* main.cpp */ = {isa = PBXFileReference; lastKnownFileType = sourcecode.cpp.cpp; path = main.cpp; sourceTree = "<group>"; };
		C825CE241CB9B41B002F328B /* BucketSort.cpp */ = {isa = PBXFileReference; fileEncoding = 4; lastKnownFileType = sourcecode.cpp.cpp; path = BucketSort.cpp; sourceTree = "<group>"; };
		C825CE251CB9B41B002F328B /* BucketSort.hpp */ = {isa = PBXFileReference; fileEncoding = 4; lastKnownFileType = sourcecode.cpp.h; path = BucketSort.hpp; sourceTree = "<group>"; };
/* End PBXFileReference section */

/* Begin PBXFrameworksBuildPhase section */
		C825CE171CB9B3BA002F328B /* Frameworks */ = {
			isa = PBXFrameworksBuildPhase;
			buildActionMask = 2147483647;
			files = (
			);
			runOnlyForDeploymentPostprocessing = 0;
		};
/* End PBXFrameworksBuildPhase section */

/* Begin PBXGroup section */
		C825CE111CB9B3BA002F328B = {
			isa = PBXGroup;
			children = (
				C825CE1C1CB9B3BA002F328B /* BucketSort */,
				C825CE1B1CB9B3BA002F328B /* Products */,
			);
			sourceTree = "<group>";
		};
		C825CE1B1CB9B3BA002F328B /* Products */ = {
			isa = PBXGroup;
			children = (
				C825CE1A1CB9B3BA002F328B /* BucketSort */,
			);
			name = Products;
			sourceTree = "<group>";
		};
		C825CE1C1CB9B3BA002F328B /* BucketSort */ = {
			isa = PBXGroup;
			children = (
				C825CE1D1CB9B3BA002F328B /* main.cpp */,
				C825CE241CB9B41B002F328B /* BucketSort.cpp */,
				C825CE251CB9B41B002F328B /* BucketSort.hpp */,
			);
			path = BucketSort;
			sourceTree = "<group>";
		};
/* End PBXGroup section */

/* Begin PBXNativeTarget section */
		C825CE191CB9B3BA002F328B /* BucketSort */ = {
			isa = PBXNativeTarget;
			buildConfigurationList = C825CE211CB9B3BA002F328B /* Build configuration list for PBXNativeTarget "BucketSort" */;
			buildPhases = (
				C825CE161CB9B3BA002F328B /* Sources */,
				C825CE171CB9B3BA002F328B /* Frameworks */,
				C825CE181CB9B3BA002F328B /* CopyFiles */,
			);
			buildRules = (
			);
			dependencies = (
			);
			name = BucketSort;
			productName = BucketSort;
			productReference = C825CE1A1CB9B3BA002F328B /* BucketSort */;
			productType = "com.apple.product-type.tool";
		};
/* End PBXNativeTarget section */

/* Begin PBXProject section */
		C825CE121CB9B3BA002F328B /* Project object */ = {
			isa = PBXProject;
			attributes = {
				LastUpgradeCheck = 0730;
				ORGANIZATIONNAME = "victor choudhary";
				TargetAttributes = {
					C825CE191CB9B3BA002F328B = {
						CreatedOnToolsVersion = 7.3;
					};
				};
			};
			buildConfigurationList = C825CE151CB9B3BA002F328B /* Build configuration list for PBXProject "BucketSort" */;
			compatibilityVersion = "Xcode 3.2";
			developmentRegion = English;
			hasScannedForEncodings = 0;
			knownRegions = (
				en,
			);
			mainGroup = C825CE111CB9B3BA002F328B;
			productRefGroup = C825CE1B1CB9B3BA002F328B /* Products */;
			projectDirPath = "";
			projectRoot = "";
			targets = (
				C825CE191CB9B3BA002F328B /* BucketSort */,
			);
		};
/* End PBXProject section */

/* Begin PBXSourcesBuildPhase section */
		C825CE161CB9B3BA002F328B /* Sources */ = {
			isa = PBXSourcesBuildPhase;
			buildActionMask = 2147483647;
			files = (
				C825CE1E1CB9B3BA002F328B /* main.cpp in Sources */,
				C825CE261CB9B41B002F328B /* BucketSort.cpp in Sources */,
			);
			runOnlyForDeploymentPostprocessing = 0;
		};
/* End PBXSourcesBuildPhase section */

/* Begin XCBuildConfiguration section */
		C825CE1F1CB9B3BA002F328B /* Debug */ = {
			isa = XCBuildConfiguration;
			buildSettings = {
				ALWAYS_SEARCH_USER_PATHS = NO;
				CLANG_ANALYZER_NONNULL = YES;
				CLANG_CXX_LANGUAGE_STANDARD = "gnu++0x";
				CLANG_CXX_LIBRARY = "libc++";
				CLANG_ENABLE_MODULES = YES;
				CLANG_ENABLE_OBJC_ARC = YES;
				CLANG_WARN_BOOL_CONVERSION = YES;
				CLANG_WARN_CONSTANT_CONVERSION = YES;
				CLANG_WARN_DIRECT_OBJC_ISA_USAGE = YES_ERROR;
				CLANG_WARN_EMPTY_BODY = YES;
				CLANG_WARN_ENUM_CONVERSION = YES;
				CLANG_WARN_INT_CONVERSION = YES;
				CLANG_WARN_OBJC_ROOT_CLASS = YES_ERROR;
				CLANG_WARN_UNREACHABLE_CODE = YES;
				CLANG_WARN__DUPLICATE_METHOD_MATCH = YES;
				CODE_SIGN_IDENTITY = "-";
				COPY_PHASE_STRIP = NO;
				DEBUG_INFORMATION_FORMAT = dwarf;
				ENABLE_STRICT_OBJC_MSGSEND = YES;
				ENABLE_TESTABILITY = YES;
				GCC_C_LANGUAGE_STANDARD = gnu99;
				GCC_DYNAMIC_NO_PIC = NO;
				GCC_NO_COMMON_BLOCKS = YES;
				GCC_OPTIMIZATION_LEVEL = 0;
				GCC_PREPROCESSOR_DEFINITIONS = (
					"DEBUG=1",
					"$(inherited)",
				);
				GCC_WARN_64_TO_32_BIT_CONVERSION = YES;
				GCC_WARN_ABOUT_RETURN_TYPE = YES_ERROR;
				GCC_WARN_UNDECLARED_SELECTOR = YES;
				GCC_WARN_UNINITIALIZED_AUTOS = YES_AGGRESSIVE;
				GCC_WARN_UNUSED_FUNCTION = YES;
				GCC_WARN_UNUSED_VARIABLE = YES;
				MACOSX_DEPLOYMENT_TARGET = 10.11;
				MTL_ENABLE_DEBUG_INFO = YES;
				ONLY_ACTIVE_ARCH = YES;
				SDKROOT = macosx;
			};
			name = Debug;
		};
		C825CE201CB9B3BA002F328B /* Release */ = {
			isa = XCBuildConfiguration;
			buildSettings = {
				ALWAYS_SEARCH_USER_PATHS = NO;
				CLANG_ANALYZER_NONNULL = YES;
				CLANG_CXX_LANGUAGE_STANDARD = "gnu++0x";
				CLANG_CXX_LIBRARY = "libc++";
				CLANG_ENABLE_MODULES = YES;
				CLANG_ENABLE_OBJC_ARC = YES;
				CLANG_WARN_BOOL_CONVERSION = YES;
				CLANG_WARN_CONSTANT_CONVERSION = YES;
				CLANG_WARN_DIRECT_OBJC_ISA_USAGE = YES_ERROR;
				CLANG_WARN_EMPTY_BODY = YES;
				CLANG_WARN_ENUM_CONVERSION = YES;
				CLANG_WARN_INT_CONVERSION = YES;
				CLANG_WARN_OBJC_ROOT_CLASS = YES_ERROR;
				CLANG_WARN_UNREACHABLE_CODE = YES;
				CLANG_WARN__DUPLICATE_METHOD_MATCH = YES;
				CODE_SIGN_IDENTITY = "-";
				COPY_PHASE_STRIP = NO;
				DEBUG_INFORMATION_FORMAT = "dwarf-with-dsym";
				ENABLE_NS_ASSERTIONS = NO;
				ENABLE_STRICT_OBJC_MSGSEND = YES;
				GCC_C_LANGUAGE_STANDARD = gnu99;
				GCC_NO_COMMON_BLOCKS = YES;
				GCC_WARN_64_TO_32_BIT_CONVERSION = YES;
				GCC_WARN_ABOUT_RETURN_TYPE = YES_ERROR;
				GCC_WARN_UNDECLARED_SELECTOR = YES;
				GCC_WARN_UNINITIALIZED_AUTOS = YES_AGGRESSIVE;
				GCC_WARN_UNUSED_FUNCTION = YES;
				GCC_WARN_UNUSED_VARIABLE = YES;
				MACOSX_DEPLOYMENT_TARGET = 10.11;
				MTL_ENABLE_DEBUG_INFO = NO;
				SDKROOT = macosx;
			};
			name = Release;
		};
		C825CE221CB9B3BA002F328B /* Debug */ = {
			isa = XCBuildConfiguration;
			buildSettings = {
				PRODUCT_NAME = "$(TARGET_NAME)";
			};
			name = Debug;
		};
		C825CE231CB9B3BA002F328B /* Release */ = {
			isa = XCBuildConfiguration;
			buildSettings = {
				PRODUCT_NAME = "$(TARGET_NAME)";
			};
			name = Release;
		};
/* End XCBuildConfiguration section */

/* Begin XCConfigurationList section */
		C825CE151CB9B3BA002F328B /* Build configuration list for PBXProject "BucketSort" */ = {
			isa = XCConfigurationList;
			buildConfigurations = (
				C825CE1F1CB9B3BA002F328B /* Debug */,
				C825CE201CB9B3BA002F328B /* Release */,
			);
			defaultConfigurationIsVisible = 0;
			defaultConfigurationName = Release;
		};
		C825CE211CB9B3BA002F328B /* Build configuration list for PBXNativeTarget "BucketSort" */ = {
			isa = XCConfigurationList;
			buildConfigurations = (
				C825CE221CB9B3BA002F328B /* Debug */,
				C825CE231CB9B3BA002F328B /* Release */,
			);
			defaultConfigurationIsVisible = 0;
		};
/* End XCConfigurationList section */
	};
	rootObject = C825CE121CB9B3BA002F328B /* Project object */;
}
